
Microsoft Visual Studio Solution File, Format Version 12.00
# Visual Studio Version 16
VisualStudioVersion = 16.0.29521.150
MinimumVisualStudioVersion = 10.0.40219.1
Project("{FAE04EC0-301F-11D3-BF4B-00C04F79EFBC}") = "NoSearchEngine.App", "NoSearchEngine.App\NoSearchEngine.App.csproj", "{AC19898B-95DC-4944-829A-FC2B200E892C}"
EndProject
Global
	GlobalSection(SolutionConfigurationPlatforms) = preSolution
		Debug|Any CPU = Debug|Any CPU
		Release|Any CPU = Release|Any CPU
	EndGlobalSection
	GlobalSection(ProjectConfigurationPlatforms) = postSolution
		{AC19898B-95DC-4944-829A-FC2B200E892C}.Debug|Any CPU.ActiveCfg = Debug|Any CPU
		{AC19898B-95DC-4944-829A-FC2B200E892C}.Debug|Any CPU.Build.0 = Debug|Any CPU
		{AC19898B-95DC-4944-829A-FC2B200E892C}.Release|Any CPU.ActiveCfg = Release|Any CPU
		{AC19898B-95DC-4944-829A-FC2B200E892C}.Release|Any CPU.Build.0 = Release|Any CPU
	EndGlobalSection
	GlobalSection(SolutionProperties) = preSolution
		HideSolutionNode = FALSE
	EndGlobalSection
	GlobalSection(ExtensibilityGlobals) = postSolution
		SolutionGuid = {83B95BA8-FFAE-4846-A1D5-8AC2F77B30EA}
	EndGlobalSection
EndGlobal
